
Microsoft Visual Studio Solution File, Format Version 12.00
# Visual Studio Version 17
VisualStudioVersion = 17.0.31717.71
MinimumVisualStudioVersion = 10.0.40219.1
Project("{9A19103F-16F7-4668-BE54-9A1E7A4F7556}") = "HomeDarts", "HomeDarts.csproj", "{A745BF49-2E42-44C2-BC6E-FF9568A38DCE}"
EndProject
Global
	GlobalSection(SolutionConfigurationPlatforms) = preSolution
		Debug|Any CPU = Debug|Any CPU
		Release|Any CPU = Release|Any CPU
	EndGlobalSection
	GlobalSection(ProjectConfigurationPlatforms) = postSolution
		{A745BF49-2E42-44C2-BC6E-FF9568A38DCE}.Debug|Any CPU.ActiveCfg = Debug|Any CPU
		{A745BF49-2E42-44C2-BC6E-FF9568A38DCE}.Debug|Any CPU.Build.0 = Debug|Any CPU
		{A745BF49-2E42-44C2-BC6E-FF9568A38DCE}.Release|Any CPU.ActiveCfg = Release|Any CPU
		{A745BF49-2E42-44C2-BC6E-FF9568A38DCE}.Release|Any CPU.Build.0 = Release|Any CPU
	EndGlobalSection
	GlobalSection(SolutionProperties) = preSolution
		HideSolutionNode = FALSE
	EndGlobalSection
	GlobalSection(ExtensibilityGlobals) = postSolution
		SolutionGuid = {1894F33C-1E93-49B2-B2F8-617211666209}
	EndGlobalSection
EndGlobal